{
  "lockfile_version": "1",
  "packages": {
    "azure-cli@latest": {
      "last_modified": "2025-12-31T03:27:36Z",
      "resolved": "github:NixOS/nixpkgs/f665af0cdb70ed27e1bd8f9fdfecaf451260fc55#azure-cli",
      "source": "devbox-search",
      "version": "2.81.0",
      "systems": {
        "aarch64-darwin": {
          "outputs": [
            {
              "name": "out",
              "path": "/nix/store/k9nbnglb83gzvhldqivirrcpbkm2y5bh-python3.13-azure-cli-2.81.0",
              "default": true
            },
            {
              "name": "dist",
              "path": "/nix/store/yvqgx97m9mgdbxd560gp5fmnq68naw8p-python3.13-azure-cli-2.81.0-dist"
            }
          ],
          "store_path": "/nix/store/k9nbnglb83gzvhldqivirrcpbkm2y5bh-python3.13-azure-cli-2.81.0"
        },
        "aarch64-linux": {
          "outputs": [
            {
              "name": "out",
              "path": "/nix/store/fhxcjwldws3k81b5lg28w4j3djfk71f5-python3.13-azure-cli-2.81.0",
              "default": true
            },
            {
              "name": "dist",
              "path": "/nix/store/q1lfrshlrghl987mkxch1ms2aqdlf6aj-python3.13-azure-cli-2.81.0-dist"
            }
          ],
          "store_path": "/nix/store/fhxcjwldws3k81b5lg28w4j3djfk71f5-python3.13-azure-cli-2.81.0"
        },
        "x86_64-darwin": {
          "outputs": [
            {
              "name": "out",
              "path": "/nix/store/hywb66rb1mylcga8knlw9p48rnsyk7mm-python3.13-azure-cli-2.81.0",
              "default": true
            },
            {
              "name": "dist",
              "path": "/nix/store/f4gnddvfl3bkjzaqyhbvigzq3l4jslcy-python3.13-azure-cli-2.81.0-dist"
            }
          ],
          "store_path": "/nix/store/hywb66rb1mylcga8knlw9p48rnsyk7mm-python3.13-azure-cli-2.81.0"
        },
        "x86_64-linux": {
          "outputs": [
            {
              "name": "out",
              "path": "/nix/store/zq7lzdflghx2a58ys66pfkn40j62cjkb-python3.13-azure-cli-2.81.0",
              "default": true
            },
            {
              "name": "dist",
              "path": "/nix/store/1z1yamda2nsrbi3qxjxsbdw364vikh5j-python3.13-azure-cli-2.81.0-dist"
            }
          ],
          "store_path": "/nix/store/zq7lzdflghx2a58ys66pfkn40j62cjkb-python3.13-azure-cli-2.81.0"
        }
      }
    },
    "gh@latest": {
      "last_modified": "2026-01-15T05:51:10Z",
      "resolved": "github:NixOS/nixpkgs/f4606b01b39e09065df37905a2133905246db9ed#gh",
      "source": "devbox-search",
      "version": "2.85.0",
      "systems": {
        "aarch64-darwin": {
          "outputs": [
            {
              "name": "out",
              "path": "/nix/store/scxkdncvr9i5dd900qir993bvg9zlk4i-gh-2.85.0",
              "default": true
            }
          ],
          "store_path": "/nix/store/scxkdncvr9i5dd900qir993bvg9zlk4i-gh-2.85.0"
        },
        "aarch64-linux": {
          "outputs": [
            {
              "name": "out",
              "path": "/nix/store/kdsjr947f0gfd0wp38vhg260kipjh83b-gh-2.85.0",
              "default": true
            }
          ],
          "store_path": "/nix/store/kdsjr947f0gfd0wp38vhg260kipjh83b-gh-2.85.0"
        },
        "x86_64-darwin": {
          "outputs": [
            {
              "name": "out",
              "path": "/nix/store/nvjrrspicb1yzdm5jfbr0qr0xfmbaj09-gh-2.85.0",
              "default": true
            }
          ],
          "store_path": "/nix/store/nvjrrspicb1yzdm5jfbr0qr0xfmbaj09-gh-2.85.0"
        },
        "x86_64-linux": {
          "outputs": [
            {
              "name": "out",
              "path": "/nix/store/8wnv20mbq91xmvns912glg18isiqa61b-gh-2.85.0",
              "default": true
            }
          ],
          "store_path": "/nix/store/8wnv20mbq91xmvns912glg18isiqa61b-gh-2.85.0"
        }
      }
    },
    "git@latest": {
      "last_modified": "2026-01-20T02:11:35Z",
      "resolved": "github:NixOS/nixpkgs/ed142ab1b3a092c4d149245d0c4126a5d7ea00b0#git",
      "source": "devbox-search",
      "version": "2.52.0",
      "systems": {
        "aarch64-darwin": {
          "outputs": [
            {
              "name": "out",
              "path": "/nix/store/1xy62wrp3m91snd3cazxgg0yrplb6sav-git-2.52.0",
              "default": true
            },
            {
              "name": "doc",
              "path": "/nix/store/1518yqnr4z0p65jfv8skw2qwc30ad5la-git-2.52.0-doc"
            }
          ],
          "store_path": "/nix/store/1xy62wrp3m91snd3cazxgg0yrplb6sav-git-2.52.0"
        },
        "aarch64-linux": {
          "outputs": [
            {
              "name": "out",
              "path": "/nix/store/mfbr42w740arf759n51nhki221lang5z-git-2.52.0",
              "default": true
            },
            {
              "name": "debug",
              "path": "/nix/store/q0lq2fczq1y9q9028k4ripf38mfy3n42-git-2.52.0-debug"
            },
            {
              "name": "doc",
              "path": "/nix/store/lm1plgvh8qlv0amm8wiz8l00ky298hws-git-2.52.0-doc"
            }
          ],
          "store_path": "/nix/store/mfbr42w740arf759n51nhki221lang5z-git-2.52.0"
        },
        "x86_64-darwin": {
          "outputs": [
            {
              "name": "out",
              "path": "/nix/store/0lxp1s4hb0xb0di1a5jg08rr8hk0cvz8-git-2.52.0",
              "default": true
            },
            {
              "name": "doc",
              "path": "/nix/store/a9903b6q3clvx61l8drkpr262fb5qmik-git-2.52.0-doc"
            }
          ],
          "store_path": "/nix/store/0lxp1s4hb0xb0di1a5jg08rr8hk0cvz8-git-2.52.0"
        },
        "x86_64-linux": {
          "outputs": [
            {
              "name": "out",
              "path": "/nix/store/fryiyyhhilpqhx2wc4b6l5gnxc8w18rg-git-2.52.0",
              "default": true
            },
            {
              "name": "debug",
              "path": "/nix/store/q6m51s4q8kddlh9b9rb63v1yqvlv3xgp-git-2.52.0-debug"
            },
            {
              "name": "doc",
              "path": "/nix/store/n4zq81winwf8d5y2ra7fjznwl6cnhggz-git-2.52.0-doc"
            }
          ],
          "store_path": "/nix/store/fryiyyhhilpqhx2wc4b6l5gnxc8w18rg-git-2.52.0"
        }
      }
    },
    "github:NixOS/nixpkgs/nixpkgs-unstable": {
      "last_modified": "2026-01-26T13:12:53Z",
      "resolved": "github:NixOS/nixpkgs/13b0f9e6ac78abbbb736c635d87845c4f4bee51b?lastModified=1769433173&narHash=sha256-Gf1dFYgD344WZ3q0LPlRoWaNdNQq8kSBDLEWulRQSEs%3D"
    },
    "go@latest": {
      "last_modified": "2025-12-31T03:27:36Z",
      "resolved": "github:NixOS/nixpkgs/f665af0cdb70ed27e1bd8f9fdfecaf451260fc55#go",
      "source": "devbox-search",
      "version": "1.25.5",
      "systems": {
        "aarch64-darwin": {
          "outputs": [
            {
              "name": "out",
              "path": "/nix/store/fy2aq0rg6vbiyjfdpqy3429hqsan7iwm-go-1.25.5",
              "default": true
            }
          ],
          "store_path": "/nix/store/fy2aq0rg6vbiyjfdpqy3429hqsan7iwm-go-1.25.5"
        },
        "aarch64-linux": {
          "outputs": [
            {
              "name": "out",
              "path": "/nix/store/30d96229dgrh6n6bmd4hn9r1hcngj9bn-go-1.25.5",
              "default": true
            }
          ],
          "store_path": "/nix/store/30d96229dgrh6n6bmd4hn9r1hcngj9bn-go-1.25.5"
        },
        "x86_64-darwin": {
          "outputs": [
            {
              "name": "out",
              "path": "/nix/store/wzakp2xy6if4n2b4fb1fkdjwilwlpifk-go-1.25.5",
              "default": true
            }
          ],
          "store_path": "/nix/store/wzakp2xy6if4n2b4fb1fkdjwilwlpifk-go-1.25.5"
        },
        "x86_64-linux": {
          "outputs": [
            {
              "name": "out",
              "path": "/nix/store/60z37432vmgkg54krwr1z057bqwp7583-go-1.25.5",
              "default": true
            }
          ],
          "store_path": "/nix/store/60z37432vmgkg54krwr1z057bqwp7583-go-1.25.5"
        }
      }
    },
    "jq@latest": {
      "last_modified": "2026-01-19T00:39:23Z",
      "resolved": "github:NixOS/nixpkgs/bde09022887110deb780067364a0818e89258968#jq",
      "source": "devbox-search",
      "version": "1.8.1",
      "systems": {
        "aarch64-darwin": {
          "outputs": [
            {
              "name": "bin",
              "path": "/nix/store/9rm6fm3zq1jq8rgsx528cw8wkmfya2gf-jq-1.8.1-bin",
              "default": true
            },
            {
              "name": "man",
              "path": "/nix/store/cv999saj62xhq7xv5i7q6944vljykfmw-jq-1.8.1-man",
              "default": true
            },
            {
              "name": "dev",
              "path": "/nix/store/5camppj4hz2mgkdbxs0kr6nvh6qa65wf-jq-1.8.1-dev"
            },
            {
              "name": "doc",
              "path": "/nix/store/lak094rhhxlaj1qycadmxyfphgjadj5r-jq-1.8.1-doc"
            },
            {
              "name": "out",
              "path": "/nix/store/g371yvjasdr552v98p5kav7n35s1dfib-jq-1.8.1"
            }
          ],
          "store_path": "/nix/store/9rm6fm3zq1jq8rgsx528cw8wkmfya2gf-jq-1.8.1-bin"
        },
        "aarch64-linux": {
          "outputs": [
            {
              "name": "bin",
              "path": "/nix/store/m8qv4g54q3jmjb8i33v9lljcwhydx2vd-jq-1.8.1-bin",
              "default": true
            },
            {
              "name": "man",
              "path": "/nix/store/9x2457g76jikfy7xq4mjqwzl8iz3zvxj-jq-1.8.1-man",
              "default": true
            },
            {
              "name": "dev",
              "path": "/nix/store/5ykn83b3hhvnnq0p5vqgcrzihrl9wpsl-jq-1.8.1-dev"
            },
            {
              "name": "doc",
              "path": "/nix/store/37ypy1595g6rj3cymh1mpk2b25fx40g7-jq-1.8.1-doc"
            },
            {
              "name": "out",
              "path": "/nix/store/16lg603jzppwjanlakcak1ais69mkd03-jq-1.8.1"
            }
          ],
          "store_path": "/nix/store/m8qv4g54q3jmjb8i33v9lljcwhydx2vd-jq-1.8.1-bin"
        },
        "x86_64-darwin": {
          "outputs": [
            {
              "name": "bin",
              "path": "/nix/store/kkb17whpkdrmn9g3gk7y6l69vipxsw0i-jq-1.8.1-bin",
              "default": true
            },
            {
              "name": "man",
              "path": "/nix/store/iwr61wi83kflqvz8j5nf7ridaqq6nh2w-jq-1.8.1-man",
              "default": true
            },
            {
              "name": "dev",
              "path": "/nix/store/lypnqs272644l8ff6wfji9rg5jw10v7h-jq-1.8.1-dev"
            },
            {
              "name": "doc",
              "path": "/nix/store/nyw97c4pywfcqqap5hyk9xjghczlbshl-jq-1.8.1-doc"
            },
            {
              "name": "out",
              "path": "/nix/store/ri930a557685c64bdh88a5031i7hx3vy-jq-1.8.1"
            }
          ],
          "store_path": "/nix/store/kkb17whpkdrmn9g3gk7y6l69vipxsw0i-jq-1.8.1-bin"
        },
        "x86_64-linux": {
          "outputs": [
            {
              "name": "bin",
              "path": "/nix/store/zssasryipb2x4gk2ahzacl4mvvcmk48j-jq-1.8.1-bin",
              "default": true
            },
            {
              "name": "man",
              "path": "/nix/store/7d4pv1iymyqk2lykwj1ydml3rjhc6gl3-jq-1.8.1-man",
              "default": true
            },
            {
              "name": "dev",
              "path": "/nix/store/rmxxm5jnxq93kvkhbr2b3hzj6v3ldp8z-jq-1.8.1-dev"
            },
            {
              "name": "doc",
              "path": "/nix/store/mkhfvc69grlky3iblibkw9wcc12jcdqq-jq-1.8.1-doc"
            },
            {
              "name": "out",
              "path": "/nix/store/807g765zgpmp1c8fm5y40rw2gbr1k6dk-jq-1.8.1"
            }
          ],
          "store_path": "/nix/store/zssasryipb2x4gk2ahzacl4mvvcmk48j-jq-1.8.1-bin"
        }
      }
    },
    "kind@latest": {
      "last_modified": "2025-12-31T03:27:36Z",
      "resolved": "github:NixOS/nixpkgs/f665af0cdb70ed27e1bd8f9fdfecaf451260fc55#kind",
      "source": "devbox-search",
      "version": "0.31.0",
      "systems": {
        "aarch64-darwin": {
          "outputs": [
            {
              "name": "out",
              "path": "/nix/store/mbw6acfg9zwlchqmij7gd4g0sfxh61g0-kind-0.31.0",
              "default": true
            }
          ],
          "store_path": "/nix/store/mbw6acfg9zwlchqmij7gd4g0sfxh61g0-kind-0.31.0"
        },
        "aarch64-linux": {
          "outputs": [
            {
              "name": "out",
              "path": "/nix/store/3ayz1zmgwlkakdgz15isc826lhirpl0w-kind-0.31.0",
              "default": true
            }
          ],
          "store_path": "/nix/store/3ayz1zmgwlkakdgz15isc826lhirpl0w-kind-0.31.0"
        },
        "x86_64-darwin": {
          "outputs": [
            {
              "name": "out",
              "path": "/nix/store/wq2qfwvnrkfb39np762bc90y40lqs6hj-kind-0.31.0",
              "default": true
            }
          ],
          "store_path": "/nix/store/wq2qfwvnrkfb39np762bc90y40lqs6hj-kind-0.31.0"
        },
        "x86_64-linux": {
          "outputs": [
            {
              "name": "out",
              "path": "/nix/store/bwjsrl5n0lzl8d3308z1qzy5bgh9rsbh-kind-0.31.0",
              "default": true
            }
          ],
          "store_path": "/nix/store/bwjsrl5n0lzl8d3308z1qzy5bgh9rsbh-kind-0.31.0"
        }
      }
    },
    "kubectl@latest": {
      "last_modified": "2026-01-09T13:41:53Z",
      "resolved": "github:NixOS/nixpkgs/5f02c91314c8ba4afe83b256b023756412218535#kubectl",
      "source": "devbox-search",
      "version": "1.35.0",
      "systems": {
        "aarch64-darwin": {
          "outputs": [
            {
              "name": "out",
              "path": "/nix/store/1pmn1vxfffzz5mxj3h0ijzpsynq50l5g-kubectl-1.35.0",
              "default": true
            },
            {
              "name": "man",
              "path": "/nix/store/hh6nircg2v5iickmqfyx469f69rj0kag-kubectl-1.35.0-man",
              "default": true
            },
            {
              "name": "convert",
              "path": "/nix/store/z72fbf5mxilrrlsfvdacxbw27k0gszdf-kubectl-1.35.0-convert"
            }
          ],
          "store_path": "/nix/store/1pmn1vxfffzz5mxj3h0ijzpsynq50l5g-kubectl-1.35.0"
        },
        "aarch64-linux": {
          "outputs": [
            {
              "name": "out",
              "path": "/nix/store/fj8rhz380v89c3mq3br9ipislabppj4c-kubectl-1.35.0",
              "default": true
            },
            {
              "name": "man",
              "path": "/nix/store/hawgdz85f9qq9nalyq4nbrjbjw1f3356-kubectl-1.35.0-man",
              "default": true
            },
            {
              "name": "convert",
              "path": "/nix/store/dv5kh8sv8q3kkzcw4lnbkknm2pzxv5ig-kubectl-1.35.0-convert"
            }
          ],
          "store_path": "/nix/store/fj8rhz380v89c3mq3br9ipislabppj4c-kubectl-1.35.0"
        },
        "x86_64-darwin": {
          "outputs": [
            {
              "name": "out",
              "path": "/nix/store/d3gm9hvgbdhin2jh7nd8gwrf90jlmsw7-kubectl-1.35.0",
              "default": true
            },
            {
              "name": "man",
              "path": "/nix/store/za9ay0cna5hcqqmdk0flwinkd882997n-kubectl-1.35.0-man",
              "default": true
            },
            {
              "name": "convert",
              "path": "/nix/store/5r5vrq35nbcp8wgflvwmigvr6iqx85n5-kubectl-1.35.0-convert"
            }
          ],
          "store_path": "/nix/store/d3gm9hvgbdhin2jh7nd8gwrf90jlmsw7-kubectl-1.35.0"
        },
        "x86_64-linux": {
          "outputs": [
            {
              "name": "out",
              "path": "/nix/store/bbnq3nrmlhq0yjfhw84ciscpbr6hsb3b-kubectl-1.35.0",
              "default": true
            },
            {
              "name": "man",
              "path": "/nix/store/mnm7km6ik2x0pfhnylfm06vgxqvc78k0-kubectl-1.35.0-man",
              "default": true
            },
            {
              "name": "convert",
              "path": "/nix/store/c88x5qq16ih9i7iv4zyx81w2zijqzmlf-kubectl-1.35.0-convert"
            }
          ],
          "store_path": "/nix/store/bbnq3nrmlhq0yjfhw84ciscpbr6hsb3b-kubectl-1.35.0"
        }
      }
    },
    "kubernetes-helm@latest": {
      "last_modified": "2025-12-31T03:27:36Z",
      "resolved": "github:NixOS/nixpkgs/f665af0cdb70ed27e1bd8f9fdfecaf451260fc55#kubernetes-helm",
      "source": "devbox-search",
      "version": "3.19.1",
      "systems": {
        "aarch64-darwin": {
          "outputs": [
            {
              "name": "out",
              "path": "/nix/store/8p5hwk87jkd26w6lmj7ma0f5qdi9i7fb-kubernetes-helm-3.19.1",
              "default": true
            }
          ],
          "store_path": "/nix/store/8p5hwk87jkd26w6lmj7ma0f5qdi9i7fb-kubernetes-helm-3.19.1"
        },
        "aarch64-linux": {
          "outputs": [
            {
              "name": "out",
              "path": "/nix/store/z773dqh5w017a1c6jhzlqcnq6ivwwjz9-kubernetes-helm-3.19.1",
              "default": true
            }
          ],
          "store_path": "/nix/store/z773dqh5w017a1c6jhzlqcnq6ivwwjz9-kubernetes-helm-3.19.1"
        },
        "x86_64-darwin": {
          "outputs": [
            {
              "name": "out",
              "path": "/nix/store/m5wzcpj7yfdkv9za53d2hv81m3zxy745-kubernetes-helm-3.19.1",
              "default": true
            }
          ],
          "store_path": "/nix/store/m5wzcpj7yfdkv9za53d2hv81m3zxy745-kubernetes-helm-3.19.1"
        },
        "x86_64-linux": {
          "outputs": [
            {
              "name": "out",
              "path": "/nix/store/rv448bzmz78z9vqvgy92428ybjp0nxzi-kubernetes-helm-3.19.1",
              "default": true
            }
          ],
          "store_path": "/nix/store/rv448bzmz78z9vqvgy92428ybjp0nxzi-kubernetes-helm-3.19.1"
        }
      }
    },
    "nodejs@latest": {
      "last_modified": "2026-01-20T02:11:35Z",
      "plugin_version": "0.0.2",
      "resolved": "github:NixOS/nixpkgs/ed142ab1b3a092c4d149245d0c4126a5d7ea00b0#nodejs_25",
      "source": "devbox-search",
      "version": "25.4.0",
      "systems": {
        "aarch64-darwin": {
          "outputs": [
            {
              "name": "out",
              "path": "/nix/store/65fya9i64rgmv86x4y0qjc3bjvn2zic8-nodejs-25.4.0",
              "default": true
            },
            {
              "name": "dev",
              "path": "/nix/store/p0xi38maar6ax3mplb9813bpc803xi8s-nodejs-25.4.0-dev"
            },
            {
              "name": "libv8",
              "path": "/nix/store/4q22l64ydnw94byvaw13qy4fnq5mb53r-nodejs-25.4.0-libv8"
            }
          ],
          "store_path": "/nix/store/65fya9i64rgmv86x4y0qjc3bjvn2zic8-nodejs-25.4.0"
        },
        "aarch64-linux": {
          "outputs": [
            {
              "name": "out",
              "path": "/nix/store/0js09lvaz0jw4yanfbp5cbm92jws5yfm-nodejs-25.4.0",
              "default": true
            },
            {
              "name": "dev",
              "path": "/nix/store/fiv5f7ggpj9ylyz763w9slnkng0fb1k1-nodejs-25.4.0-dev"
            },
            {
              "name": "libv8",
              "path": "/nix/store/rb012s3myjjlkq4wbfdzc75xmsi67vm1-nodejs-25.4.0-libv8"
            }
          ],
          "store_path": "/nix/store/0js09lvaz0jw4yanfbp5cbm92jws5yfm-nodejs-25.4.0"
        },
        "x86_64-darwin": {
          "outputs": [
            {
              "name": "out",
              "path": "/nix/store/a3lfsvjyk2kl4bqsy1s9rax3cfvwkisy-nodejs-25.4.0",
              "default": true
            },
            {
              "name": "dev",
              "path": "/nix/store/12pgcsaaw3ssamq3y329b698f64yrjkz-nodejs-25.4.0-dev"
            },
            {
              "name": "libv8",
              "path": "/nix/store/71xjj7wcmm4dg4m04a0wnn0x7wc1rgv7-nodejs-25.4.0-libv8"
            }
          ],
          "store_path": "/nix/store/a3lfsvjyk2kl4bqsy1s9rax3cfvwkisy-nodejs-25.4.0"
        },
        "x86_64-linux": {
          "outputs": [
            {
              "name": "out",
              "path": "/nix/store/56a910991scilbhn9vf6xfxz3dva5cwd-nodejs-25.4.0",
              "default": true
            },
            {
              "name": "dev",
              "path": "/nix/store/mjxl360h6r08d92xr8i435c0p2z3bl8a-nodejs-25.4.0-dev"
            },
            {
              "name": "libv8",
              "path": "/nix/store/8h5kw2ark2k4pm30rs9gidpcvgn10d6b-nodejs-25.4.0-libv8"
            }
          ],
          "store_path": "/nix/store/56a910991scilbhn9vf6xfxz3dva5cwd-nodejs-25.4.0"
        }
      }
    },
    "nushell@latest": {
      "last_modified": "2026-01-01T04:40:00Z",
      "resolved": "github:NixOS/nixpkgs/c04833a1e584401bb63c1a63ddc51a71e6aa457a#nushell",
      "source": "devbox-search",
      "version": "0.109.1",
      "systems": {
        "aarch64-darwin": {
          "outputs": [
            {
              "name": "out",
              "path": "/nix/store/2s036lqk99r67ybkp0kanmf9glvy6pxv-nushell-0.109.1",
              "default": true
            }
          ],
          "store_path": "/nix/store/2s036lqk99r67ybkp0kanmf9glvy6pxv-nushell-0.109.1"
        },
        "aarch64-linux": {
          "outputs": [
            {
              "name": "out",
              "path": "/nix/store/bjk4pm5wx70d3kzfsm1dka4wxk3kwg5i-nushell-0.109.1",
              "default": true
            }
          ],
          "store_path": "/nix/store/bjk4pm5wx70d3kzfsm1dka4wxk3kwg5i-nushell-0.109.1"
        },
        "x86_64-darwin": {
          "outputs": [
            {
              "name": "out",
              "path": "/nix/store/c12irvz24a11rr6ipv3asdsa1n2ni9wp-nushell-0.109.1",
              "default": true
            }
          ],
          "store_path": "/nix/store/c12irvz24a11rr6ipv3asdsa1n2ni9wp-nushell-0.109.1"
        },
        "x86_64-linux": {
          "outputs": [
            {
              "name": "out",
              "path": "/nix/store/8sg8hqx1m20lq50sksq9fw4x9g0bxf8x-nushell-0.109.1",
              "default": true
            }
          ],
          "store_path": "/nix/store/8sg8hqx1m20lq50sksq9fw4x9g0bxf8x-nushell-0.109.1"
        }
      }
    },
    "python311Packages.beautifulsoup4": {
      "resolved": "github:NixOS/nixpkgs/13b0f9e6ac78abbbb736c635d87845c4f4bee51b?narHash=sha256-Gf1dFYgD344WZ3q0LPlRoWaNdNQq8kSBDLEWulRQSEs%3D#python311Packages.beautifulsoup4",
      "source": "nixpkg"
    },
    "python311Packages.mkdocs": {
      "resolved": "github:NixOS/nixpkgs/13b0f9e6ac78abbbb736c635d87845c4f4bee51b?narHash=sha256-Gf1dFYgD344WZ3q0LPlRoWaNdNQq8kSBDLEWulRQSEs%3D#python311Packages.mkdocs",
      "source": "nixpkg"
    },
    "python311Packages.mkdocs-material": {
      "resolved": "github:NixOS/nixpkgs/13b0f9e6ac78abbbb736c635d87845c4f4bee51b?narHash=sha256-Gf1dFYgD344WZ3q0LPlRoWaNdNQq8kSBDLEWulRQSEs%3D#python311Packages.mkdocs-material",
      "source": "nixpkg"
    },
    "python@latest": {
      "last_modified": "2025-12-31T03:27:36Z",
      "plugin_version": "0.0.4",
      "resolved": "github:NixOS/nixpkgs/f665af0cdb70ed27e1bd8f9fdfecaf451260fc55#python314",
      "source": "devbox-search",
      "version": "3.14.2",
      "systems": {
        "aarch64-darwin": {
          "outputs": [
            {
              "name": "out",
              "path": "/nix/store/0iw3akzx6ygiqzpxi9s422sc2fl6190g-python3-3.14.2",
              "default": true
            }
          ],
          "store_path": "/nix/store/0iw3akzx6ygiqzpxi9s422sc2fl6190g-python3-3.14.2"
        },
        "aarch64-linux": {
          "outputs": [
            {
              "name": "out",
              "path": "/nix/store/0ngn8d6wz6nsy68ck3vvv17v14nbnpmr-python3-3.14.2",
              "default": true
            },
            {
              "name": "debug",
              "path": "/nix/store/irrzbxypkfg7mzl60m6zcv0wvid0fnz3-python3-3.14.2-debug"
            }
          ],
          "store_path": "/nix/store/0ngn8d6wz6nsy68ck3vvv17v14nbnpmr-python3-3.14.2"
        },
        "x86_64-darwin": {
          "outputs": [
            {
              "name": "out",
              "path": "/nix/store/370kbw2s80x3i45jnmvxqc262ba9svib-python3-3.14.2",
              "default": true
            }
          ],
          "store_path": "/nix/store/370kbw2s80x3i45jnmvxqc262ba9svib-python3-3.14.2"
        },
        "x86_64-linux": {
          "outputs": [
            {
              "name": "out",
              "path": "/nix/store/pmb8clh66mryha2ijzz3dg969drrkgj7-python3-3.14.2",
              "default": true
            },
            {
              "name": "debug",
              "path": "/nix/store/jcd9cd12b91ys3axilh1k6pdsys64hhc-python3-3.14.2-debug"
            }
          ],
          "store_path": "/nix/store/pmb8clh66mryha2ijzz3dg969drrkgj7-python3-3.14.2"
        }
      }
    },
    "shellcheck@latest": {
      "last_modified": "2025-12-31T03:27:36Z",
      "resolved": "github:NixOS/nixpkgs/f665af0cdb70ed27e1bd8f9fdfecaf451260fc55#shellcheck",
      "source": "devbox-search",
      "version": "0.11.0",
      "systems": {
        "aarch64-darwin": {
          "outputs": [
            {
              "name": "bin",
              "path": "/nix/store/22rnfvy1wm4n4zr9cbwanxmkm5vg1cnn-shellcheck-0.11.0-bin",
              "default": true
            },
            {
              "name": "man",
              "path": "/nix/store/4wfhrpigcmq5aszs7r4s8rb4j184c0a5-shellcheck-0.11.0-man",
              "default": true
            },
            {
              "name": "doc",
              "path": "/nix/store/71x84s3rld408nxm83bsa5w0v5kac5iz-shellcheck-0.11.0-doc",
              "default": true
            },
            {
              "name": "out",
              "path": "/nix/store/lksgvzvfqfsnfa5l59j4i12c6wx8plnc-shellcheck-0.11.0"
            }
          ],
          "store_path": "/nix/store/22rnfvy1wm4n4zr9cbwanxmkm5vg1cnn-shellcheck-0.11.0-bin"
        },
        "aarch64-linux": {
          "outputs": [
            {
              "name": "bin",
              "path": "/nix/store/0szsmrvxqgdzc7a3h404b88dh1b92yfq-shellcheck-0.11.0-bin",
              "default": true
            },
            {
              "name": "man",
              "path": "/nix/store/n2imcx6f0jq64lqypjak972hm8fjb00j-shellcheck-0.11.0-man",
              "default": true
            },
            {
              "name": "doc",
              "path": "/nix/store/r9kxwmmkwwph0z2pr3ci6nr2z8lkimd7-shellcheck-0.11.0-doc",
              "default": true
            },
            {
              "name": "out",
              "path": "/nix/store/vid6b4cc6fiv44pav1j8wpyhax7cp7zy-shellcheck-0.11.0"
            }
          ],
          "store_path": "/nix/store/0szsmrvxqgdzc7a3h404b88dh1b92yfq-shellcheck-0.11.0-bin"
        },
        "x86_64-darwin": {
          "outputs": [
            {
              "name": "bin",
              "path": "/nix/store/2370in8nyacq0p6478xkqnn5579q91d3-shellcheck-0.11.0-bin",
              "default": true
            },
            {
              "name": "man",
              "path": "/nix/store/0kphd9b0r8zihaimp2j693865bz9p6j1-shellcheck-0.11.0-man",
              "default": true
            },
            {
              "name": "doc",
              "path": "/nix/store/dgpqbd1m7hsxpwyd96jv1nyswh5mi3mh-shellcheck-0.11.0-doc",
              "default": true
            },
            {
              "name": "out",
              "path": "/nix/store/xr176mf568d02r89mz7annzhnis0q0p1-shellcheck-0.11.0"
            }
          ],
          "store_path": "/nix/store/2370in8nyacq0p6478xkqnn5579q91d3-shellcheck-0.11.0-bin"
        },
        "x86_64-linux": {
          "outputs": [
            {
              "name": "bin",
              "path": "/nix/store/l78bkxxy8z3bpw24qlay1lrbx9719w8l-shellcheck-0.11.0-bin",
              "default": true
            },
            {
              "name": "man",
              "path": "/nix/store/jrbi4d1wx63dl19yfk29r8dlb0scvlfi-shellcheck-0.11.0-man",
              "default": true
            },
            {
              "name": "doc",
              "path": "/nix/store/qp99jhsnf806fw8fi0msbcicr5gdnpcw-shellcheck-0.11.0-doc",
              "default": true
            },
            {
              "name": "out",
              "path": "/nix/store/yi5ymy8kvi49784xi8d8ig968zciqf4g-shellcheck-0.11.0"
            }
          ],
          "store_path": "/nix/store/l78bkxxy8z3bpw24qlay1lrbx9719w8l-shellcheck-0.11.0-bin"
        }
      }
    },
    "yamllint@latest": {
      "last_modified": "2025-12-31T03:27:36Z",
      "resolved": "github:NixOS/nixpkgs/f665af0cdb70ed27e1bd8f9fdfecaf451260fc55#yamllint",
      "source": "devbox-search",
      "version": "1.37.1",
      "systems": {
        "aarch64-darwin": {
          "outputs": [
            {
              "name": "out",
              "path": "/nix/store/r8an3bdz2xbfp8vz6dwgyvzpc2rl3ln6-python3.13-yamllint-1.37.1",
              "default": true
            },
            {
              "name": "dist",
              "path": "/nix/store/j8fr0jlrpn3kn4fv40ll3v0jjsxvq1sd-python3.13-yamllint-1.37.1-dist"
            }
          ],
          "store_path": "/nix/store/r8an3bdz2xbfp8vz6dwgyvzpc2rl3ln6-python3.13-yamllint-1.37.1"
        },
        "aarch64-linux": {
          "outputs": [
            {
              "name": "out",
              "path": "/nix/store/yr51znrdsiydx759y8qm6hqkdv5iv3fg-python3.13-yamllint-1.37.1",
              "default": true
            },
            {
              "name": "dist",
              "path": "/nix/store/pg06j9nyb5fa0g1zp0lfwm607mxibx6s-python3.13-yamllint-1.37.1-dist"
            }
          ],
          "store_path": "/nix/store/yr51znrdsiydx759y8qm6hqkdv5iv3fg-python3.13-yamllint-1.37.1"
        },
        "x86_64-darwin": {
          "outputs": [
            {
              "name": "out",
              "path": "/nix/store/y2rdrvj9x9k9ib384pja6j3vilakzl04-python3.13-yamllint-1.37.1",
              "default": true
            },
            {
              "name": "dist",
              "path": "/nix/store/7zd2cxybp0zc4g70bijisj13jy49mw6c-python3.13-yamllint-1.37.1-dist"
            }
          ],
          "store_path": "/nix/store/y2rdrvj9x9k9ib384pja6j3vilakzl04-python3.13-yamllint-1.37.1"
        },
        "x86_64-linux": {
          "outputs": [
            {
              "name": "out",
              "path": "/nix/store/s8zbfqgmjririxy1g4nvb6rs70mgykvg-python3.13-yamllint-1.37.1",
              "default": true
            },
            {
              "name": "dist",
              "path": "/nix/store/mswzcnf2sr9lnbdx9qfgzjxnmsv3dapr-python3.13-yamllint-1.37.1-dist"
            }
          ],
          "store_path": "/nix/store/s8zbfqgmjririxy1g4nvb6rs70mgykvg-python3.13-yamllint-1.37.1"
        }
      }
    },
    "yq-go@latest": {
      "last_modified": "2025-12-31T03:27:36Z",
      "resolved": "github:NixOS/nixpkgs/f665af0cdb70ed27e1bd8f9fdfecaf451260fc55#yq-go",
      "source": "devbox-search",
      "version": "4.50.1",
      "systems": {
        "aarch64-darwin": {
          "outputs": [
            {
              "name": "out",
              "path": "/nix/store/ihnllpwbhrpj6wfgmx4cqhv5qjm117fa-yq-go-4.50.1",
              "default": true
            }
          ],
          "store_path": "/nix/store/ihnllpwbhrpj6wfgmx4cqhv5qjm117fa-yq-go-4.50.1"
        },
        "aarch64-linux": {
          "outputs": [
            {
              "name": "out",
              "path": "/nix/store/n9qa1n3chinld0an3mghq2fiwg341csq-yq-go-4.50.1",
              "default": true
            }
          ],
          "store_path": "/nix/store/n9qa1n3chinld0an3mghq2fiwg341csq-yq-go-4.50.1"
        },
        "x86_64-darwin": {
          "outputs": [
            {
              "name": "out",
              "path": "/nix/store/i37722ivy7914srsrm3j1r8h7z9jlck4-yq-go-4.50.1",
              "default": true
            }
          ],
          "store_path": "/nix/store/i37722ivy7914srsrm3j1r8h7z9jlck4-yq-go-4.50.1"
        },
        "x86_64-linux": {
          "outputs": [
            {
              "name": "out",
              "path": "/nix/store/6wrfpk1d0y0dzdpsbac6kvph9gya1n64-yq-go-4.50.1",
              "default": true
            }
          ],
          "store_path": "/nix/store/6wrfpk1d0y0dzdpsbac6kvph9gya1n64-yq-go-4.50.1"
        }
      }
    }
  }
}
